// !$*UTF8*$!
{
	archiveVersion = 1;
	classes = {
	};
	objectVersion = 55;
	objects = {

/* Begin PBXBuildFile section */
		274E303228326E4E00845CDA /* AppDelegate.swift in Sources */ = {isa = PBXBuildFile; fileRef = 274E303128326E4E00845CDA /* AppDelegate.swift */; };
		274E303628326E4E00845CDA /* ViewController.swift in Sources */ = {isa = PBXBuildFile; fileRef = 274E303528326E4E00845CDA /* ViewController.swift */; };
		274E303B28326E5200845CDA /* Assets.xcassets in Resources */ = {isa = PBXBuildFile; fileRef = 274E303A28326E5200845CDA /* Assets.xcassets */; };
		274E303E28326E5200845CDA /* LaunchScreen.storyboard in Resources */ = {isa = PBXBuildFile; fileRef = 274E303C28326E5200845CDA /* LaunchScreen.storyboard */; };
		274E304628326FDA00845CDA /* NetworkManager.swift in Sources */ = {isa = PBXBuildFile; fileRef = 274E304528326FDA00845CDA /* NetworkManager.swift */; };
		274E304B283270BB00845CDA /* PhotoData.swift in Sources */ = {isa = PBXBuildFile; fileRef = 274E304A283270BB00845CDA /* PhotoData.swift */; };
		274E304F283271A300845CDA /* URL+Extension.swift in Sources */ = {isa = PBXBuildFile; fileRef = 274E304E283271A300845CDA /* URL+Extension.swift */; };
		274E30512832733200845CDA /* PhotoModel.swift in Sources */ = {isa = PBXBuildFile; fileRef = 274E30502832733200845CDA /* PhotoModel.swift */; };
		274E30532832804500845CDA /* ImageCollectionViewCell.swift in Sources */ = {isa = PBXBuildFile; fileRef = 274E30522832804500845CDA /* ImageCollectionViewCell.swift */; };
		2761225B2833D2E300A7A941 /* MyView.swift in Sources */ = {isa = PBXBuildFile; fileRef = 2761225A2833D2E300A7A941 /* MyView.swift */; };
		2761225D2833DE2F00A7A941 /* ViewModel.swift in Sources */ = {isa = PBXBuildFile; fileRef = 2761225C2833DE2F00A7A941 /* ViewModel.swift */; };
/* End PBXBuildFile section */

/* Begin PBXFileReference section */
		274E302E28326E4E00845CDA /* PhotoSearch.app */ = {isa = PBXFileReference; explicitFileType = wrapper.application; includeInIndex = 0; path = PhotoSearch.app; sourceTree = BUILT_PRODUCTS_DIR; };
		274E303128326E4E00845CDA /* AppDelegate.swift */ = {isa = PBXFileReference; lastKnownFileType = sourcecode.swift; path = AppDelegate.swift; sourceTree = "<group>"; };
		274E303528326E4E00845CDA /* ViewController.swift */ = {isa = PBXFileReference; lastKnownFileType = sourcecode.swift; path = ViewController.swift; sourceTree = "<group>"; };
		274E303A28326E5200845CDA /* Assets.xcassets */ = {isa = PBXFileReference; lastKnownFileType = folder.assetcatalog; path = Assets.xcassets; sourceTree = "<group>"; };
		274E303D28326E5200845CDA /* Base */ = {isa = PBXFileReference; lastKnownFileType = file.storyboard; name = Base; path = Base.lproj/LaunchScreen.storyboard; sourceTree = "<group>"; };
		274E303F28326E5200845CDA /* Info.plist */ = {isa = PBXFileReference; lastKnownFileType = text.plist.xml; path = Info.plist; sourceTree = "<group>"; };
		274E304528326FDA00845CDA /* NetworkManager.swift */ = {isa = PBXFileReference; lastKnownFileType = sourcecode.swift; path = NetworkManager.swift; sourceTree = "<group>"; };
		274E304A283270BB00845CDA /* PhotoData.swift */ = {isa = PBXFileReference; lastKnownFileType = sourcecode.swift; path = PhotoData.swift; sourceTree = "<group>"; };
		274E304E283271A300845CDA /* URL+Extension.swift */ = {isa = PBXFileReference; lastKnownFileType = sourcecode.swift; path = "URL+Extension.swift"; sourceTree = "<group>"; };
		274E30502832733200845CDA /* PhotoModel.swift */ = {isa = PBXFileReference; lastKnownFileType = sourcecode.swift; path = PhotoModel.swift; sourceTree = "<group>"; };
		274E30522832804500845CDA /* ImageCollectionViewCell.swift */ = {isa = PBXFileReference; lastKnownFileType = sourcecode.swift; path = ImageCollectionViewCell.swift; sourceTree = "<group>"; };
		2761225A2833D2E300A7A941 /* MyView.swift */ = {isa = PBXFileReference; lastKnownFileType = sourcecode.swift; path = MyView.swift; sourceTree = "<group>"; };
		2761225C2833DE2F00A7A941 /* ViewModel.swift */ = {isa = PBXFileReference; lastKnownFileType = sourcecode.swift; path = ViewModel.swift; sourceTree = "<group>"; };
/* End PBXFileReference section */

/* Begin PBXFrameworksBuildPhase section */
		274E302B28326E4E00845CDA /* Frameworks */ = {
			isa = PBXFrameworksBuildPhase;
			buildActionMask = 2147483647;
			files = (
			);
			runOnlyForDeploymentPostprocessing = 0;
		};
/* End PBXFrameworksBuildPhase section */

/* Begin PBXGroup section */
		274E302528326E4E00845CDA = {
			isa = PBXGroup;
			children = (
				274E303028326E4E00845CDA /* PhotoSearch */,
				274E302F28326E4E00845CDA /* Products */,
			);
			sourceTree = "<group>";
		};
		274E302F28326E4E00845CDA /* Products */ = {
			isa = PBXGroup;
			children = (
				274E302E28326E4E00845CDA /* PhotoSearch.app */,
			);
			name = Products;
			sourceTree = "<group>";
		};
		274E303028326E4E00845CDA /* PhotoSearch */ = {
			isa = PBXGroup;
			children = (
				274E303128326E4E00845CDA /* AppDelegate.swift */,
				274E304828326FFB00845CDA /* ViewController */,
				274E30542832804A00845CDA /* Views */,
				274E304C283270C000845CDA /* Model */,
				274E304728326FDF00845CDA /* Networking */,
				274E304D2832718C00845CDA /* Suporting Files */,
				274E30492832701B00845CDA /* Resources */,
				274E303F28326E5200845CDA /* Info.plist */,
			);
			path = PhotoSearch;
			sourceTree = "<group>";
		};
		274E304728326FDF00845CDA /* Networking */ = {
			isa = PBXGroup;
			children = (
				274E304528326FDA00845CDA /* NetworkManager.swift */,
			);
			path = Networking;
			sourceTree = "<group>";
		};
		274E304828326FFB00845CDA /* ViewController */ = {
			isa = PBXGroup;
			children = (
				274E303528326E4E00845CDA /* ViewController.swift */,
				2761225C2833DE2F00A7A941 /* ViewModel.swift */,
			);
			path = ViewController;
			sourceTree = "<group>";
		};
		274E30492832701B00845CDA /* Resources */ = {
			isa = PBXGroup;
			children = (
				274E303A28326E5200845CDA /* Assets.xcassets */,
				274E303C28326E5200845CDA /* LaunchScreen.storyboard */,
			);
			path = Resources;
			sourceTree = "<group>";
		};
		274E304C283270C000845CDA /* Model */ = {
			isa = PBXGroup;
			children = (
				274E304A283270BB00845CDA /* PhotoData.swift */,
				274E30502832733200845CDA /* PhotoModel.swift */,
			);
			path = Model;
			sourceTree = "<group>";
		};
		274E304D2832718C00845CDA /* Suporting Files */ = {
			isa = PBXGroup;
			children = (
				274E304E283271A300845CDA /* URL+Extension.swift */,
			);
			path = "Suporting Files";
			sourceTree = "<group>";
		};
		274E30542832804A00845CDA /* Views */ = {
			isa = PBXGroup;
			children = (
				274E30522832804500845CDA /* ImageCollectionViewCell.swift */,
				2761225A2833D2E300A7A941 /* MyView.swift */,
			);
			path = Views;
			sourceTree = "<group>";
		};
/* End PBXGroup section */

/* Begin PBXNativeTarget section */
		274E302D28326E4E00845CDA /* PhotoSearch */ = {
			isa = PBXNativeTarget;
			buildConfigurationList = 274E304228326E5200845CDA /* Build configuration list for PBXNativeTarget "PhotoSearch" */;
			buildPhases = (
				274E302A28326E4E00845CDA /* Sources */,
				274E302B28326E4E00845CDA /* Frameworks */,
				274E302C28326E4E00845CDA /* Resources */,
			);
			buildRules = (
			);
			dependencies = (
			);
			name = PhotoSearch;
			productName = PhotoSearch;
			productReference = 274E302E28326E4E00845CDA /* PhotoSearch.app */;
			productType = "com.apple.product-type.application";
		};
/* End PBXNativeTarget section */

/* Begin PBXProject section */
		274E302628326E4E00845CDA /* Project object */ = {
			isa = PBXProject;
			attributes = {
				BuildIndependentTargetsInParallel = 1;
				LastSwiftUpdateCheck = 1330;
				LastUpgradeCheck = 1330;
				TargetAttributes = {
					274E302D28326E4E00845CDA = {
						CreatedOnToolsVersion = 13.3.1;
					};
				};
			};
			buildConfigurationList = 274E302928326E4E00845CDA /* Build configuration list for PBXProject "PhotoSearch" */;
			compatibilityVersion = "Xcode 13.0";
			developmentRegion = en;
			hasScannedForEncodings = 0;
			knownRegions = (
				en,
				Base,
			);
			mainGroup = 274E302528326E4E00845CDA;
			productRefGroup = 274E302F28326E4E00845CDA /* Products */;
			projectDirPath = "";
			projectRoot = "";
			targets = (
				274E302D28326E4E00845CDA /* PhotoSearch */,
			);
		};
/* End PBXProject section */

/* Begin PBXResourcesBuildPhase section */
		274E302C28326E4E00845CDA /* Resources */ = {
			isa = PBXResourcesBuildPhase;
			buildActionMask = 2147483647;
			files = (
				274E303E28326E5200845CDA /* LaunchScreen.storyboard in Resources */,
				274E303B28326E5200845CDA /* Assets.xcassets in Resources */,
			);
			runOnlyForDeploymentPostprocessing = 0;
		};
/* End PBXResourcesBuildPhase section */

/* Begin PBXSourcesBuildPhase section */
		274E302A28326E4E00845CDA /* Sources */ = {
			isa = PBXSourcesBuildPhase;
			buildActionMask = 2147483647;
			files = (
				2761225B2833D2E300A7A941 /* MyView.swift in Sources */,
				2761225D2833DE2F00A7A941 /* ViewModel.swift in Sources */,
				274E30512832733200845CDA /* PhotoModel.swift in Sources */,
				274E304628326FDA00845CDA /* NetworkManager.swift in Sources */,
				274E303628326E4E00845CDA /* ViewController.swift in Sources */,
				274E30532832804500845CDA /* ImageCollectionViewCell.swift in Sources */,
				274E304B283270BB00845CDA /* PhotoData.swift in Sources */,
				274E304F283271A300845CDA /* URL+Extension.swift in Sources */,
				274E303228326E4E00845CDA /* AppDelegate.swift in Sources */,
			);
			runOnlyForDeploymentPostprocessing = 0;
		};
/* End PBXSourcesBuildPhase section */

/* Begin PBXVariantGroup section */
		274E303C28326E5200845CDA /* LaunchScreen.storyboard */ = {
			isa = PBXVariantGroup;
			children = (
				274E303D28326E5200845CDA /* Base */,
			);
			name = LaunchScreen.storyboard;
			sourceTree = "<group>";
		};
/* End PBXVariantGroup section */

/* Begin XCBuildConfiguration section */
		274E304028326E5200845CDA /* Debug */ = {
			isa = XCBuildConfiguration;
			buildSettings = {
				ALWAYS_SEARCH_USER_PATHS = NO;
				CLANG_ANALYZER_NONNULL = YES;
				CLANG_ANALYZER_NUMBER_OBJECT_CONVERSION = YES_AGGRESSIVE;
				CLANG_CXX_LANGUAGE_STANDARD = "gnu++17";
				CLANG_ENABLE_MODULES = YES;
				CLANG_ENABLE_OBJC_ARC = YES;
				CLANG_ENABLE_OBJC_WEAK = YES;
				CLANG_WARN_BLOCK_CAPTURE_AUTORELEASING = YES;
				CLANG_WARN_BOOL_CONVERSION = YES;
				CLANG_WARN_COMMA = YES;
				CLANG_WARN_CONSTANT_CONVERSION = YES;
				CLANG_WARN_DEPRECATED_OBJC_IMPLEMENTATIONS = YES;
				CLANG_WARN_DIRECT_OBJC_ISA_USAGE = YES_ERROR;
				CLANG_WARN_DOCUMENTATION_COMMENTS = YES;
				CLANG_WARN_EMPTY_BODY = YES;
				CLANG_WARN_ENUM_CONVERSION = YES;
				CLANG_WARN_INFINITE_RECURSION = YES;
				CLANG_WARN_INT_CONVERSION = YES;
				CLANG_WARN_NON_LITERAL_NULL_CONVERSION = YES;
				CLANG_WARN_OBJC_IMPLICIT_RETAIN_SELF = YES;
				CLANG_WARN_OBJC_LITERAL_CONVERSION = YES;
				CLANG_WARN_OBJC_ROOT_CLASS = YES_ERROR;
				CLANG_WARN_QUOTED_INCLUDE_IN_FRAMEWORK_HEADER = YES;
				CLANG_WARN_RANGE_LOOP_ANALYSIS = YES;
				CLANG_WARN_STRICT_PROTOTYPES = YES;
				CLANG_WARN_SUSPICIOUS_MOVE = YES;
				CLANG_WARN_UNGUARDED_AVAILABILITY = YES_AGGRESSIVE;
				CLANG_WARN_UNREACHABLE_CODE = YES;
				CLANG_WARN__DUPLICATE_METHOD_MATCH = YES;
				COPY_PHASE_STRIP = NO;
				DEBUG_INFORMATION_FORMAT = dwarf;
				ENABLE_STRICT_OBJC_MSGSEND = YES;
				ENABLE_TESTABILITY = YES;
				GCC_C_LANGUAGE_STANDARD = gnu11;
				GCC_DYNAMIC_NO_PIC = NO;
				GCC_NO_COMMON_BLOCKS = YES;
				GCC_OPTIMIZATION_LEVEL = 0;
				GCC_PREPROCESSOR_DEFINITIONS = (
					"DEBUG=1",
					"$(inherited)",
				);
				GCC_WARN_64_TO_32_BIT_CONVERSION = YES;
				GCC_WARN_ABOUT_RETURN_TYPE = YES_ERROR;
				GCC_WARN_UNDECLARED_SELECTOR = YES;
				GCC_WARN_UNINITIALIZED_AUTOS = YES_AGGRESSIVE;
				GCC_WARN_UNUSED_FUNCTION = YES;
				GCC_WARN_UNUSED_VARIABLE = YES;
				IPHONEOS_DEPLOYMENT_TARGET = 15.4;
				MTL_ENABLE_DEBUG_INFO = INCLUDE_SOURCE;
				MTL_FAST_MATH = YES;
				ONLY_ACTIVE_ARCH = YES;
				SDKROOT = iphoneos;
				SWIFT_ACTIVE_COMPILATION_CONDITIONS = DEBUG;
				SWIFT_OPTIMIZATION_LEVEL = "-Onone";
			};
			name = Debug;
		};
		274E304128326E5200845CDA /* Release */ = {
			isa = XCBuildConfiguration;
			buildSettings = {
				ALWAYS_SEARCH_USER_PATHS = NO;
				CLANG_ANALYZER_NONNULL = YES;
				CLANG_ANALYZER_NUMBER_OBJECT_CONVERSION = YES_AGGRESSIVE;
				CLANG_CXX_LANGUAGE_STANDARD = "gnu++17";
				CLANG_ENABLE_MODULES = YES;
				CLANG_ENABLE_OBJC_ARC = YES;
				CLANG_ENABLE_OBJC_WEAK = YES;
				CLANG_WARN_BLOCK_CAPTURE_AUTORELEASING = YES;
				CLANG_WARN_BOOL_CONVERSION = YES;
				CLANG_WARN_COMMA = YES;
				CLANG_WARN_CONSTANT_CONVERSION = YES;
				CLANG_WARN_DEPRECATED_OBJC_IMPLEMENTATIONS = YES;
				CLANG_WARN_DIRECT_OBJC_ISA_USAGE = YES_ERROR;
				CLANG_WARN_DOCUMENTATION_COMMENTS = YES;
				CLANG_WARN_EMPTY_BODY = YES;
				CLANG_WARN_ENUM_CONVERSION = YES;
				CLANG_WARN_INFINITE_RECURSION = YES;
				CLANG_WARN_INT_CONVERSION = YES;
				CLANG_WARN_NON_LITERAL_NULL_CONVERSION = YES;
				CLANG_WARN_OBJC_IMPLICIT_RETAIN_SELF = YES;
				CLANG_WARN_OBJC_LITERAL_CONVERSION = YES;
				CLANG_WARN_OBJC_ROOT_CLASS = YES_ERROR;
				CLANG_WARN_QUOTED_INCLUDE_IN_FRAMEWORK_HEADER = YES;
				CLANG_WARN_RANGE_LOOP_ANALYSIS = YES;
				CLANG_WARN_STRICT_PROTOTYPES = YES;
				CLANG_WARN_SUSPICIOUS_MOVE = YES;
				CLANG_WARN_UNGUARDED_AVAILABILITY = YES_AGGRESSIVE;
				CLANG_WARN_UNREACHABLE_CODE = YES;
				CLANG_WARN__DUPLICATE_METHOD_MATCH = YES;
				COPY_PHASE_STRIP = NO;
				DEBUG_INFORMATION_FORMAT = "dwarf-with-dsym";
				ENABLE_NS_ASSERTIONS = NO;
				ENABLE_STRICT_OBJC_MSGSEND = YES;
				GCC_C_LANGUAGE_STANDARD = gnu11;
				GCC_NO_COMMON_BLOCKS = YES;
				GCC_WARN_64_TO_32_BIT_CONVERSION = YES;
				GCC_WARN_ABOUT_RETURN_TYPE = YES_ERROR;
				GCC_WARN_UNDECLARED_SELECTOR = YES;
				GCC_WARN_UNINITIALIZED_AUTOS = YES_AGGRESSIVE;
				GCC_WARN_UNUSED_FUNCTION = YES;
				GCC_WARN_UNUSED_VARIABLE = YES;
				IPHONEOS_DEPLOYMENT_TARGET = 15.4;
				MTL_ENABLE_DEBUG_INFO = NO;
				MTL_FAST_MATH = YES;
				SDKROOT = iphoneos;
				SWIFT_COMPILATION_MODE = wholemodule;
				SWIFT_OPTIMIZATION_LEVEL = "-O";
				VALIDATE_PRODUCT = YES;
			};
			name = Release;
		};
		274E304328326E5200845CDA /* Debug */ = {
			isa = XCBuildConfiguration;
			buildSettings = {
				ASSETCATALOG_COMPILER_APPICON_NAME = AppIcon;
				ASSETCATALOG_COMPILER_GLOBAL_ACCENT_COLOR_NAME = AccentColor;
				CODE_SIGN_STYLE = Automatic;
				CURRENT_PROJECT_VERSION = 1;
				DEVELOPMENT_TEAM = 89YN5XG8R7;
				GENERATE_INFOPLIST_FILE = YES;
				INFOPLIST_FILE = PhotoSearch/Info.plist;
				INFOPLIST_KEY_UIApplicationSupportsIndirectInputEvents = YES;
				INFOPLIST_KEY_UILaunchStoryboardName = LaunchScreen;
				INFOPLIST_KEY_UISupportedInterfaceOrientations_iPad = "UIInterfaceOrientationPortrait UIInterfaceOrientationPortraitUpsideDown UIInterfaceOrientationLandscapeLeft UIInterfaceOrientationLandscapeRight";
				INFOPLIST_KEY_UISupportedInterfaceOrientations_iPhone = "UIInterfaceOrientationPortrait UIInterfaceOrientationLandscapeLeft UIInterfaceOrientationLandscapeRight";
				LD_RUNPATH_SEARCH_PATHS = (
					"$(inherited)",
					"@executable_path/Frameworks",
				);
				MARKETING_VERSION = 1.0;
				PRODUCT_BUNDLE_IDENTIFIER = deniss.lobacs.PhotoSearch;
				PRODUCT_NAME = "$(TARGET_NAME)";
				SWIFT_EMIT_LOC_STRINGS = YES;
				SWIFT_VERSION = 5.0;
				TARGETED_DEVICE_FAMILY = "1,2";
			};
			name = Debug;
		};
		274E304428326E5200845CDA /* Release */ = {
			isa = XCBuildConfiguration;
			buildSettings = {
				ASSETCATALOG_COMPILER_APPICON_NAME = AppIcon;
				ASSETCATALOG_COMPILER_GLOBAL_ACCENT_COLOR_NAME = AccentColor;
				CODE_SIGN_STYLE = Automatic;
				CURRENT_PROJECT_VERSION = 1;
				DEVELOPMENT_TEAM = 89YN5XG8R7;
				GENERATE_INFOPLIST_FILE = YES;
				INFOPLIST_FILE = PhotoSearch/Info.plist;
				INFOPLIST_KEY_UIApplicationSupportsIndirectInputEvents = YES;
				INFOPLIST_KEY_UILaunchStoryboardName = LaunchScreen;
				INFOPLIST_KEY_UISupportedInterfaceOrientations_iPad = "UIInterfaceOrientationPortrait UIInterfaceOrientationPortraitUpsideDown UIInterfaceOrientationLandscapeLeft UIInterfaceOrientationLandscapeRight";
				INFOPLIST_KEY_UISupportedInterfaceOrientations_iPhone = "UIInterfaceOrientationPortrait UIInterfaceOrientationLandscapeLeft UIInterfaceOrientationLandscapeRight";
				LD_RUNPATH_SEARCH_PATHS = (
					"$(inherited)",
					"@executable_path/Frameworks",
				);
				MARKETING_VERSION = 1.0;
				PRODUCT_BUNDLE_IDENTIFIER = deniss.lobacs.PhotoSearch;
				PRODUCT_NAME = "$(TARGET_NAME)";
				SWIFT_EMIT_LOC_STRINGS = YES;
				SWIFT_VERSION = 5.0;
				TARGETED_DEVICE_FAMILY = "1,2";
			};
			name = Release;
		};
/* End XCBuildConfiguration section */

/* Begin XCConfigurationList section */
		274E302928326E4E00845CDA /* Build configuration list for PBXProject "PhotoSearch" */ = {
			isa = XCConfigurationList;
			buildConfigurations = (
				274E304028326E5200845CDA /* Debug */,
				274E304128326E5200845CDA /* Release */,
			);
			defaultConfigurationIsVisible = 0;
			defaultConfigurationName = Release;
		};
		274E304228326E5200845CDA /* Build configuration list for PBXNativeTarget "PhotoSearch" */ = {
			isa = XCConfigurationList;
			buildConfigurations = (
				274E304328326E5200845CDA /* Debug */,
				274E304428326E5200845CDA /* Release */,
			);
			defaultConfigurationIsVisible = 0;
			defaultConfigurationName = Release;
		};
/* End XCConfigurationList section */
	};
	rootObject = 274E302628326E4E00845CDA /* Project object */;
}
